
Microsoft Visual Studio Solution File, Format Version 12.00
# Visual Studio Version 16
VisualStudioVersion = 16.0.29230.47
MinimumVisualStudioVersion = 10.0.40219.1
Project("{9A19103F-16F7-4668-BE54-9A1E7A4F7556}") = "TemplatePackage", "templatepackages\TemplatePackage\TemplatePackage.csproj", "{F4D42D1F-26E6-427D-88C1-6E4336D49E72}"
EndProject
Project("{2150E333-8FDC-42A3-9474-1A3956D46DE8}") = "templatepackages", "templatepackages", "{4B7F912B-A88E-4465-99EB-8C34D31EEAC9}"
EndProject
Project("{FAE04EC0-301F-11D3-BF4B-00C04F79EFBC}") = "TemplateVsix", "vsix\TemplateVsix.csproj", "{1F7D9EA6-95EA-461A-8A27-3720CC1CA827}"
EndProject
Project("{2150E333-8FDC-42A3-9474-1A3956D46DE8}") = "vsix", "vsix", "{CAE28045-C04E-47D5-8B90-D49BC8B1017C}"
EndProject
Global
	GlobalSection(SolutionConfigurationPlatforms) = preSolution
		Debug|Any CPU = Debug|Any CPU
		Release|Any CPU = Release|Any CPU
	EndGlobalSection
	GlobalSection(ProjectConfigurationPlatforms) = postSolution
		{F4D42D1F-26E6-427D-88C1-6E4336D49E72}.Debug|Any CPU.ActiveCfg = Debug|Any CPU
		{F4D42D1F-26E6-427D-88C1-6E4336D49E72}.Debug|Any CPU.Build.0 = Debug|Any CPU
		{F4D42D1F-26E6-427D-88C1-6E4336D49E72}.Release|Any CPU.ActiveCfg = Release|Any CPU
		{F4D42D1F-26E6-427D-88C1-6E4336D49E72}.Release|Any CPU.Build.0 = Release|Any CPU
		{1F7D9EA6-95EA-461A-8A27-3720CC1CA827}.Debug|Any CPU.ActiveCfg = Debug|Any CPU
		{1F7D9EA6-95EA-461A-8A27-3720CC1CA827}.Debug|Any CPU.Build.0 = Debug|Any CPU
		{1F7D9EA6-95EA-461A-8A27-3720CC1CA827}.Release|Any CPU.ActiveCfg = Release|Any CPU
		{1F7D9EA6-95EA-461A-8A27-3720CC1CA827}.Release|Any CPU.Build.0 = Release|Any CPU
	EndGlobalSection
	GlobalSection(SolutionProperties) = preSolution
		HideSolutionNode = FALSE
	EndGlobalSection
	GlobalSection(NestedProjects) = preSolution
		{F4D42D1F-26E6-427D-88C1-6E4336D49E72} = {4B7F912B-A88E-4465-99EB-8C34D31EEAC9}
		{1F7D9EA6-95EA-461A-8A27-3720CC1CA827} = {CAE28045-C04E-47D5-8B90-D49BC8B1017C}
	EndGlobalSection
	GlobalSection(ExtensibilityGlobals) = postSolution
		SolutionGuid = {A17FFC4D-2DE8-4CD8-96D1-7D4EA6D4E976}
	EndGlobalSection
EndGlobal
